
Microsoft Visual Studio Solution File, Format Version 12.00
# Visual Studio 2012
Project("{8BC9CEB8-8B4A-11D0-8D11-00A0C91BC942}") = "Demo", "Demo.vcxproj", "{8694ED42-A03B-4222-9646-B1CC11C2E2CD}"
EndProject
Global
	GlobalSection(SolutionConfigurationPlatforms) = preSolution
		Debug|Win32 = Debug|Win32
		Release|Win32 = Release|Win32
	EndGlobalSection
	GlobalSection(ProjectConfigurationPlatforms) = postSolution
		{8694ED42-A03B-4222-9646-B1CC11C2E2CD}.Debug|Win32.ActiveCfg = Debug|Win32
		{8694ED42-A03B-4222-9646-B1CC11C2E2CD}.Debug|Win32.Build.0 = Debug|Win32
		{8694ED42-A03B-4222-9646-B1CC11C2E2CD}.Release|Win32.ActiveCfg = Release|Win32
		{8694ED42-A03B-4222-9646-B1CC11C2E2CD}.Release|Win32.Build.0 = Release|Win32
	EndGlobalSection
	GlobalSection(SolutionProperties) = preSolution
		HideSolutionNode = FALSE
	EndGlobalSection
EndGlobal
